
Microsoft Visual Studio Solution File, Format Version 12.00
Project("{FAE04EC0-301F-11D3-BF4B-00C04F79EFBC}") = "Subscriptions", "Subscriptions.csproj", "{0175934A-C108-4060-9628-481CE38C7DBC}"
EndProject
Global
	GlobalSection(SolutionConfigurationPlatforms) = preSolution
		Debug|Any CPU = Debug|Any CPU
		Release|Any CPU = Release|Any CPU
	EndGlobalSection
	GlobalSection(ProjectConfigurationPlatforms) = postSolution
		{0175934A-C108-4060-9628-481CE38C7DBC}.Debug|Any CPU.ActiveCfg = Debug|Any CPU
		{0175934A-C108-4060-9628-481CE38C7DBC}.Debug|Any CPU.Build.0 = Debug|Any CPU
		{0175934A-C108-4060-9628-481CE38C7DBC}.Release|Any CPU.ActiveCfg = Release|Any CPU
		{0175934A-C108-4060-9628-481CE38C7DBC}.Release|Any CPU.Build.0 = Release|Any CPU
	EndGlobalSection
EndGlobal
